{
    "_meta": {
        "hash": {
            "sha256": "1fe354f9e874862f5221750dfaa577afc0722c891bbc141242ee74c748c5c241"
        },
        "pipfile-spec": 6,
        "requires": {
            "python_version": "3.7"
        },
        "sources": [
            {
                "name": "pypi",
                "url": "https://pypi.org/simple",
                "verify_ssl": true
            }
        ]
    },
    "default": {
        "closure": {
            "hashes": [
                "sha256:a8dc7dae000ea48c5d9a817f5671fd7402bb81104ef00530662b8fd27748cc16",
                "sha256:fa2eb1f4e3186475bc24c7dccc071b8ab75cad8ed093bb64341e8c529ec5ac0b"
            ],
            "index": "pypi",
            "version": "==20190417"
        },
        "django": {
            "hashes": [
                "sha256:a4ad4f6f9c6a4b7af7e2deec8d0cbff28501852e5010d6c2dc695d3d1fae7ca0",
                "sha256:fa98ec9cc9bf5d72a08ebf3654a9452e761fbb8566e3f80de199cbc15477e891"
            ],
            "index": "pypi",
            "version": "==2.2.8"
        },
        "django-appconf": {
            "hashes": [
                "sha256:35f13ca4d567f132b960e2cd4c832c2d03cb6543452d34e29b7ba10371ba80e3",
                "sha256:c98a7af40062e996b921f5962a1c4f3f0c979fa7885f7be4710cceb90ebe13a6"
            ],
            "version": "==1.0.3"
        },
        "django-compressor": {
            "hashes": [
                "sha256:47c86347f75c64954a06afbbfc820a750619e10c23a49272b865020a407b7edd",
                "sha256:da9ee5ce4fc8b9211dcecd2229520514a4ba9ac3bcdc59b48092ec4d7f6b96b0"
            ],
            "index": "pypi",
            "version": "==2.3"
        },
        "django-progressive-web-app": {
            "hashes": [
                "sha256:5c0db3b0d78557094c73333bb73a5ce168d07af75a7588c85de4093bcde37a64",
                "sha256:d158db2cd4c95bd8fd254eb79ab206392d4fdf8c2ba836e6446bbceecb033bc3"
            ],
            "index": "pypi",
            "version": "==0.1.1"
        },
        "django-sass-processor": {
            "hashes": [
                "sha256:5ba3568e53caf1d59573afa75d71e42c23bddbd5b48cbea831816cd72ed242f9"
            ],
            "index": "pypi",
            "version": "==0.7.3"
        },
        "libsass": {
            "hashes": [
                "sha256:000de439948e001934f697c51c025a6842e43c212974b6a2d5218f057114f5be",
                "sha256:049097611c246364dcad1e44986a3bb565e39ddffe64fb3956570161a995020e",
                "sha256:1813dadccbe22afe56da7ce495db19117b59c50c13688fbcc1b92070b94d33ed",
                "sha256:25b88650f3f13fcd5d5e5d3b4c12c6e77136acd36cf0c26ef4b1bd4eac71bd70",
                "sha256:2d2630bc6fa94106cd69a72c46c10e3f7378922aed988a058ca8fc672765fac7",
                "sha256:53570a2505794c191de1484a9c407359cd12f797a3ef50e474a95f66915a51c4",
                "sha256:69c86e98fb11ab74356dc054be61ae1ce6882b0dece5be409bb5ba7b1b696885",
                "sha256:703bf25e5065bc8f45154fe828eee24ab7e14660088c2784e09741aecab118f9",
                "sha256:7179a3862fb8e2cc5d1f7e97fed0a2afed49141df1949f43fbf7c9516c48d064",
                "sha256:8ac0910a43758097c816bdf9f7af85e564aff49c64ef9571be036cb599fe510a",
                "sha256:ac1188c967b7c4aff23be32974c688cd55b8d9771ee6c988b39e557508c3b3f2",
                "sha256:b1890110043c11d11640d97334946975d7f43494dc46076c50fb5c7701878cab",
                "sha256:b7215262984cc3f692e705564ab5405841a51cfca1408062ae9776ef4b4dabff",
                "sha256:becb4c41f7edda34312d27787bcff4c9363a4f877bf87476dd863a0d7cf7bbef",
                "sha256:dc75c1ed7f7863f9c23009002713fcc75331f50eb7e32e7aa1e21cc5d17071f1"
            ],
            "index": "pypi",
            "version": "==0.19.1"
        },
        "pytz": {
            "hashes": [
                "sha256:303879e36b721603cc54604edcac9d20401bdbe31e1e4fdee5b9f98d5d31dfda",
                "sha256:d747dd3d23d77ef44c6a3526e274af6efeb0a6f1afd5a69ba4d5be4098c8e141"
            ],
            "index": "pypi",
            "version": "==2019.1"
        },
        "rcssmin": {
            "hashes": [
                "sha256:ca87b695d3d7864157773a61263e5abb96006e9ff0e021eff90cbe0e1ba18270"
            ],
            "version": "==1.0.6"
        },
        "rjsmin": {
            "hashes": [
                "sha256:0ab825839125eaca57cc59581d72e596e58a7a56fbc0839996b7528f0343a0a8",
                "sha256:211c2fe8298951663bbc02acdffbf714f6793df54bfc50e1c6c9e71b3f2559a3",
                "sha256:466fe70cc5647c7c51b3260c7e2e323a98b2b173564247f9c89e977720a0645f",
                "sha256:585e75a84d9199b68056fd4a083d9a61e2a92dfd10ff6d4ce5bdb04bc3bdbfaf",
                "sha256:6044ca86e917cd5bb2f95e6679a4192cef812122f28ee08c677513de019629b3",
                "sha256:714329db774a90947e0e2086cdddb80d5e8c4ac1c70c9f92436378dedb8ae345",
                "sha256:799890bd07a048892d8d3deb9042dbc20b7f5d0eb7da91e9483c561033b23ce2",
                "sha256:975b69754d6a76be47c0bead12367a1ca9220d08e5393f80bab0230d4625d1f4",
                "sha256:b15dc75c71f65d9493a8c7fa233fdcec823e3f1b88ad84a843ffef49b338ac32",
                "sha256:dd0f4819df4243ffe4c964995794c79ca43943b5b756de84be92b445a652fb86",
                "sha256:e3908b21ebb584ce74a6ac233bdb5f29485752c9d3be5e50c5484ed74169232c",
                "sha256:e487a7783ac4339e79ec610b98228eb9ac72178973e3dee16eba0e3feef25924",
                "sha256:ecd29f1b3e66a4c0753105baec262b331bcbceefc22fbe6f7e8bcd2067bcb4d7"
            ],
            "version": "==1.1.0"
        },
        "six": {
            "hashes": [
                "sha256:1f1b7d42e254082a9db6279deae68afb421ceba6158efa6131de7b3003ee93fd",
                "sha256:30f610279e8b2578cab6db20741130331735c781b56053c59c4076da27f06b66"
            ],
            "version": "==1.13.0"
        },
        "sqlparse": {
            "hashes": [
                "sha256:40afe6b8d4b1117e7dff5504d7a8ce07d9a1b15aeeade8a2d10f130a834f8177",
                "sha256:7c3dca29c022744e95b547e867cee89f4fce4373f3549ccd8797d8eb52cdb873"
            ],
            "version": "==0.3.0"
        }
    },
    "develop": {}
}
