{
    "_meta": {
        "hash": {
            "sha256": "1fe354f9e874862f5221750dfaa577afc0722c891bbc141242ee74c748c5c241"
        },
        "pipfile-spec": 6,
        "requires": {
            "python_version": "3.7"
        },
        "sources": [
            {
                "name": "pypi",
                "url": "https://pypi.org/simple",
                "verify_ssl": true
            }
        ]
    },
    "default": {
        "closure": {
            "hashes": [
                "sha256:a8dc7dae000ea48c5d9a817f5671fd7402bb81104ef00530662b8fd27748cc16",
                "sha256:fa2eb1f4e3186475bc24c7dccc071b8ab75cad8ed093bb64341e8c529ec5ac0b"
            ],
            "index": "pypi",
            "version": "==20190417"
        },
        "django": {
            "hashes": [
                "sha256:db2214db1c99017cbd971e58824e6f424375154fe358afc30e976f5b99fc6060",
                "sha256:e831105edb153af1324de44d06091ca75520a227456387dda4a47d2f1cc2731a"
            ],
            "index": "pypi",
            "version": "==2.2.22"
        },
        "django-appconf": {
            "hashes": [
                "sha256:1b1d0e1069c843ebe8ae5aa48ec52403b1440402b320c3e3a206a0907e97bb06",
                "sha256:be58deb54a43d77d2e1621fe59f787681376d3cd0b8bd8e4758ef6c3a6453380"
            ],
            "version": "==1.0.4"
        },
        "django-compressor": {
            "hashes": [
                "sha256:47c86347f75c64954a06afbbfc820a750619e10c23a49272b865020a407b7edd",
                "sha256:da9ee5ce4fc8b9211dcecd2229520514a4ba9ac3bcdc59b48092ec4d7f6b96b0"
            ],
            "index": "pypi",
            "version": "==2.3"
        },
        "django-progressive-web-app": {
            "hashes": [
                "sha256:5c0db3b0d78557094c73333bb73a5ce168d07af75a7588c85de4093bcde37a64",
                "sha256:d158db2cd4c95bd8fd254eb79ab206392d4fdf8c2ba836e6446bbceecb033bc3"
            ],
            "index": "pypi",
            "version": "==0.1.1"
        },
        "django-sass-processor": {
            "hashes": [
                "sha256:5ba3568e53caf1d59573afa75d71e42c23bddbd5b48cbea831816cd72ed242f9"
            ],
            "index": "pypi",
            "version": "==0.7.3"
        },
        "libsass": {
            "hashes": [
                "sha256:000de439948e001934f697c51c025a6842e43c212974b6a2d5218f057114f5be",
                "sha256:049097611c246364dcad1e44986a3bb565e39ddffe64fb3956570161a995020e",
                "sha256:1813dadccbe22afe56da7ce495db19117b59c50c13688fbcc1b92070b94d33ed",
                "sha256:25b88650f3f13fcd5d5e5d3b4c12c6e77136acd36cf0c26ef4b1bd4eac71bd70",
                "sha256:2d2630bc6fa94106cd69a72c46c10e3f7378922aed988a058ca8fc672765fac7",
                "sha256:53570a2505794c191de1484a9c407359cd12f797a3ef50e474a95f66915a51c4",
                "sha256:69c86e98fb11ab74356dc054be61ae1ce6882b0dece5be409bb5ba7b1b696885",
                "sha256:703bf25e5065bc8f45154fe828eee24ab7e14660088c2784e09741aecab118f9",
                "sha256:7179a3862fb8e2cc5d1f7e97fed0a2afed49141df1949f43fbf7c9516c48d064",
                "sha256:8ac0910a43758097c816bdf9f7af85e564aff49c64ef9571be036cb599fe510a",
                "sha256:ac1188c967b7c4aff23be32974c688cd55b8d9771ee6c988b39e557508c3b3f2",
                "sha256:b1890110043c11d11640d97334946975d7f43494dc46076c50fb5c7701878cab",
                "sha256:b7215262984cc3f692e705564ab5405841a51cfca1408062ae9776ef4b4dabff",
                "sha256:becb4c41f7edda34312d27787bcff4c9363a4f877bf87476dd863a0d7cf7bbef",
                "sha256:dc75c1ed7f7863f9c23009002713fcc75331f50eb7e32e7aa1e21cc5d17071f1"
            ],
            "index": "pypi",
            "version": "==0.19.1"
        },
        "pytz": {
            "hashes": [
                "sha256:303879e36b721603cc54604edcac9d20401bdbe31e1e4fdee5b9f98d5d31dfda",
                "sha256:d747dd3d23d77ef44c6a3526e274af6efeb0a6f1afd5a69ba4d5be4098c8e141"
            ],
            "index": "pypi",
            "version": "==2019.1"
        },
        "rcssmin": {
            "hashes": [
                "sha256:ca87b695d3d7864157773a61263e5abb96006e9ff0e021eff90cbe0e1ba18270"
            ],
            "version": "==1.0.6"
        },
        "rjsmin": {
            "hashes": [
                "sha256:0ab825839125eaca57cc59581d72e596e58a7a56fbc0839996b7528f0343a0a8",
                "sha256:211c2fe8298951663bbc02acdffbf714f6793df54bfc50e1c6c9e71b3f2559a3",
                "sha256:466fe70cc5647c7c51b3260c7e2e323a98b2b173564247f9c89e977720a0645f",
                "sha256:585e75a84d9199b68056fd4a083d9a61e2a92dfd10ff6d4ce5bdb04bc3bdbfaf",
                "sha256:6044ca86e917cd5bb2f95e6679a4192cef812122f28ee08c677513de019629b3",
                "sha256:714329db774a90947e0e2086cdddb80d5e8c4ac1c70c9f92436378dedb8ae345",
                "sha256:799890bd07a048892d8d3deb9042dbc20b7f5d0eb7da91e9483c561033b23ce2",
                "sha256:975b69754d6a76be47c0bead12367a1ca9220d08e5393f80bab0230d4625d1f4",
                "sha256:b15dc75c71f65d9493a8c7fa233fdcec823e3f1b88ad84a843ffef49b338ac32",
                "sha256:dd0f4819df4243ffe4c964995794c79ca43943b5b756de84be92b445a652fb86",
                "sha256:e3908b21ebb584ce74a6ac233bdb5f29485752c9d3be5e50c5484ed74169232c",
                "sha256:e487a7783ac4339e79ec610b98228eb9ac72178973e3dee16eba0e3feef25924",
                "sha256:ecd29f1b3e66a4c0753105baec262b331bcbceefc22fbe6f7e8bcd2067bcb4d7"
            ],
            "version": "==1.1.0"
        },
        "six": {
            "hashes": [
                "sha256:1e61c37477a1626458e36f7b1d82aa5c9b094fa4802892072e49de9c60c4c926",
                "sha256:8abb2f1d86890a2dfb989f9a77cfcfd3e47c2a354b01111771326f8aa26e0254"
            ],
            "version": "==1.16.0"
        },
        "sqlparse": {
            "hashes": [
                "sha256:017cde379adbd6a1f15a61873f43e8274179378e95ef3fede90b5aa64d304ed0",
                "sha256:0f91fd2e829c44362cbcfab3e9ae12e22badaa8a29ad5ff599f9ec109f0454e8"
            ],
            "version": "==0.4.1"
        }
    },
    "develop": {}
}
